
Microsoft Visual Studio Solution File, Format Version 12.00
# Visual Studio Version 17
VisualStudioVersion = 17.13.35825.156 d17.13
MinimumVisualStudioVersion = 10.0.40219.1
Project("{FAE04EC0-301F-11D3-BF4B-00C04F79EFBC}") = "JogoDeAdivinhacaoConsoleApp", "JogoDeAdivinhacaoConsoleApp\JogoDeAdivinhacaoConsoleApp.csproj", "{B7F5B4C6-E575-413A-80B1-D166B8456E85}"
EndProject
Global
	GlobalSection(SolutionConfigurationPlatforms) = preSolution
		Debug|Any CPU = Debug|Any CPU
		Release|Any CPU = Release|Any CPU
	EndGlobalSection
	GlobalSection(ProjectConfigurationPlatforms) = postSolution
		{B7F5B4C6-E575-413A-80B1-D166B8456E85}.Debug|Any CPU.ActiveCfg = Debug|Any CPU
		{B7F5B4C6-E575-413A-80B1-D166B8456E85}.Debug|Any CPU.Build.0 = Debug|Any CPU
		{B7F5B4C6-E575-413A-80B1-D166B8456E85}.Release|Any CPU.ActiveCfg = Release|Any CPU
		{B7F5B4C6-E575-413A-80B1-D166B8456E85}.Release|Any CPU.Build.0 = Release|Any CPU
	EndGlobalSection
	GlobalSection(SolutionProperties) = preSolution
		HideSolutionNode = FALSE
	EndGlobalSection
	GlobalSection(ExtensibilityGlobals) = postSolution
		SolutionGuid = {D5CCA2F2-DDEE-4424-96EF-4C6849CBF105}
	EndGlobalSection
EndGlobal
